
Microsoft Visual Studio Solution File, Format Version 12.00
# Visual Studio Version 16
VisualStudioVersion = 16.0.34407.143
MinimumVisualStudioVersion = 10.0.40219.1
Project("{9A19103F-16F7-4668-BE54-9A1E7A4F7556}") = "ConsoleApp6OOP", "ConsoleApp6OOP\ConsoleApp6OOP.csproj", "{DB7B513A-DA52-44FA-AB53-8292377D36EF}"
EndProject
Project("{9A19103F-16F7-4668-BE54-9A1E7A4F7556}") = "ConsoleApp628", "ConsoleApp628\ConsoleApp628.csproj", "{450C3A89-3902-4C36-A7DD-AB82819703B3}"
EndProject
Project("{9A19103F-16F7-4668-BE54-9A1E7A4F7556}") = "ConsoleApp631", "ConsoleApp631\ConsoleApp631.csproj", "{E7BAF562-BE94-484F-8277-2F8F6FC8B77E}"
EndProject
Project("{9A19103F-16F7-4668-BE54-9A1E7A4F7556}") = "ConsoleApp632", "ConsoleApp632\ConsoleApp632.csproj", "{13FB90DD-07AA-44F5-B30A-3C9107092989}"
EndProject
Project("{9A19103F-16F7-4668-BE54-9A1E7A4F7556}") = "ConsoleApp652", "ConsoleApp652\ConsoleApp652.csproj", "{B0496D4C-C97E-4095-B142-25CFB1FD5CD1}"
EndProject
Project("{FAE04EC0-301F-11D3-BF4B-00C04F79EFBC}") = "ConsoleApp66", "ConsoleApp66\ConsoleApp66.csproj", "{FF55613F-6E34-4C87-AF75-E63ED280853A}"
EndProject
Global
	GlobalSection(SolutionConfigurationPlatforms) = preSolution
		Debug|Any CPU = Debug|Any CPU
		Release|Any CPU = Release|Any CPU
	EndGlobalSection
	GlobalSection(ProjectConfigurationPlatforms) = postSolution
		{DB7B513A-DA52-44FA-AB53-8292377D36EF}.Debug|Any CPU.ActiveCfg = Debug|Any CPU
		{DB7B513A-DA52-44FA-AB53-8292377D36EF}.Debug|Any CPU.Build.0 = Debug|Any CPU
		{DB7B513A-DA52-44FA-AB53-8292377D36EF}.Release|Any CPU.ActiveCfg = Release|Any CPU
		{DB7B513A-DA52-44FA-AB53-8292377D36EF}.Release|Any CPU.Build.0 = Release|Any CPU
		{450C3A89-3902-4C36-A7DD-AB82819703B3}.Debug|Any CPU.ActiveCfg = Debug|Any CPU
		{450C3A89-3902-4C36-A7DD-AB82819703B3}.Debug|Any CPU.Build.0 = Debug|Any CPU
		{450C3A89-3902-4C36-A7DD-AB82819703B3}.Release|Any CPU.ActiveCfg = Release|Any CPU
		{450C3A89-3902-4C36-A7DD-AB82819703B3}.Release|Any CPU.Build.0 = Release|Any CPU
		{E7BAF562-BE94-484F-8277-2F8F6FC8B77E}.Debug|Any CPU.ActiveCfg = Debug|Any CPU
		{E7BAF562-BE94-484F-8277-2F8F6FC8B77E}.Debug|Any CPU.Build.0 = Debug|Any CPU
		{E7BAF562-BE94-484F-8277-2F8F6FC8B77E}.Release|Any CPU.ActiveCfg = Release|Any CPU
		{E7BAF562-BE94-484F-8277-2F8F6FC8B77E}.Release|Any CPU.Build.0 = Release|Any CPU
		{13FB90DD-07AA-44F5-B30A-3C9107092989}.Debug|Any CPU.ActiveCfg = Debug|Any CPU
		{13FB90DD-07AA-44F5-B30A-3C9107092989}.Debug|Any CPU.Build.0 = Debug|Any CPU
		{13FB90DD-07AA-44F5-B30A-3C9107092989}.Release|Any CPU.ActiveCfg = Release|Any CPU
		{13FB90DD-07AA-44F5-B30A-3C9107092989}.Release|Any CPU.Build.0 = Release|Any CPU
		{B0496D4C-C97E-4095-B142-25CFB1FD5CD1}.Debug|Any CPU.ActiveCfg = Debug|Any CPU
		{B0496D4C-C97E-4095-B142-25CFB1FD5CD1}.Debug|Any CPU.Build.0 = Debug|Any CPU
		{B0496D4C-C97E-4095-B142-25CFB1FD5CD1}.Release|Any CPU.ActiveCfg = Release|Any CPU
		{B0496D4C-C97E-4095-B142-25CFB1FD5CD1}.Release|Any CPU.Build.0 = Release|Any CPU
		{FF55613F-6E34-4C87-AF75-E63ED280853A}.Debug|Any CPU.ActiveCfg = Debug|Any CPU
		{FF55613F-6E34-4C87-AF75-E63ED280853A}.Debug|Any CPU.Build.0 = Debug|Any CPU
		{FF55613F-6E34-4C87-AF75-E63ED280853A}.Release|Any CPU.ActiveCfg = Release|Any CPU
		{FF55613F-6E34-4C87-AF75-E63ED280853A}.Release|Any CPU.Build.0 = Release|Any CPU
	EndGlobalSection
	GlobalSection(SolutionProperties) = preSolution
		HideSolutionNode = FALSE
	EndGlobalSection
	GlobalSection(ExtensibilityGlobals) = postSolution
		SolutionGuid = {E867AD27-26E7-422D-BD5D-F69365CE636E}
	EndGlobalSection
EndGlobal
